// !$*UTF8*$!
{
	archiveVersion = 1;
	classes = {
	};
	objectVersion = 56;
	objects = {

/* Begin PBXBuildFile section */
		01505A1329C108D1002B3981 /* Question.swift in Sources */ = {isa = PBXBuildFile; fileRef = 01505A1229C108D1002B3981 /* Question.swift */; };
		0160E39C29C0FEE9009D434E /* AppDelegate.swift in Sources */ = {isa = PBXBuildFile; fileRef = 0160E39B29C0FEE9009D434E /* AppDelegate.swift */; };
		0160E39E29C0FEE9009D434E /* SceneDelegate.swift in Sources */ = {isa = PBXBuildFile; fileRef = 0160E39D29C0FEE9009D434E /* SceneDelegate.swift */; };
		0160E3A029C0FEE9009D434E /* ViewController.swift in Sources */ = {isa = PBXBuildFile; fileRef = 0160E39F29C0FEE9009D434E /* ViewController.swift */; };
		0160E3A329C0FEE9009D434E /* Main.storyboard in Resources */ = {isa = PBXBuildFile; fileRef = 0160E3A129C0FEE9009D434E /* Main.storyboard */; };
		0160E3A529C0FEEB009D434E /* Assets.xcassets in Resources */ = {isa = PBXBuildFile; fileRef = 0160E3A429C0FEEB009D434E /* Assets.xcassets */; };
		0160E3A829C0FEEB009D434E /* LaunchScreen.storyboard in Resources */ = {isa = PBXBuildFile; fileRef = 0160E3A629C0FEEB009D434E /* LaunchScreen.storyboard */; };
		0160E3B329C0FEEB009D434E /* Sorting_HatTests.swift in Sources */ = {isa = PBXBuildFile; fileRef = 0160E3B229C0FEEB009D434E /* Sorting_HatTests.swift */; };
		0160E3BD29C0FEEB009D434E /* Sorting_HatUITests.swift in Sources */ = {isa = PBXBuildFile; fileRef = 0160E3BC29C0FEEB009D434E /* Sorting_HatUITests.swift */; };
		0160E3BF29C0FEEB009D434E /* Sorting_HatUITestsLaunchTests.swift in Sources */ = {isa = PBXBuildFile; fileRef = 0160E3BE29C0FEEB009D434E /* Sorting_HatUITestsLaunchTests.swift */; };
		01BEC07329C2741A001273FC /* Point Calc.swift in Sources */ = {isa = PBXBuildFile; fileRef = 01BEC07229C2741A001273FC /* Point Calc.swift */; };
/* End PBXBuildFile section */

/* Begin PBXContainerItemProxy section */
		0160E3AF29C0FEEB009D434E /* PBXContainerItemProxy */ = {
			isa = PBXContainerItemProxy;
			containerPortal = 0160E39029C0FEE9009D434E /* Project object */;
			proxyType = 1;
			remoteGlobalIDString = 0160E39729C0FEE9009D434E;
			remoteInfo = "Sorting Hat";
		};
		0160E3B929C0FEEB009D434E /* PBXContainerItemProxy */ = {
			isa = PBXContainerItemProxy;
			containerPortal = 0160E39029C0FEE9009D434E /* Project object */;
			proxyType = 1;
			remoteGlobalIDString = 0160E39729C0FEE9009D434E;
			remoteInfo = "Sorting Hat";
		};
/* End PBXContainerItemProxy section */

/* Begin PBXFileReference section */
		01505A1229C108D1002B3981 /* Question.swift */ = {isa = PBXFileReference; lastKnownFileType = sourcecode.swift; path = Question.swift; sourceTree = "<group>"; };
		0160E39829C0FEE9009D434E /* Sorting Hat.app */ = {isa = PBXFileReference; explicitFileType = wrapper.application; includeInIndex = 0; path = "Sorting Hat.app"; sourceTree = BUILT_PRODUCTS_DIR; };
		0160E39B29C0FEE9009D434E /* AppDelegate.swift */ = {isa = PBXFileReference; lastKnownFileType = sourcecode.swift; path = AppDelegate.swift; sourceTree = "<group>"; };
		0160E39D29C0FEE9009D434E /* SceneDelegate.swift */ = {isa = PBXFileReference; lastKnownFileType = sourcecode.swift; path = SceneDelegate.swift; sourceTree = "<group>"; };
		0160E39F29C0FEE9009D434E /* ViewController.swift */ = {isa = PBXFileReference; lastKnownFileType = sourcecode.swift; path = ViewController.swift; sourceTree = "<group>"; };
		0160E3A229C0FEE9009D434E /* Base */ = {isa = PBXFileReference; lastKnownFileType = file.storyboard; name = Base; path = Base.lproj/Main.storyboard; sourceTree = "<group>"; };
		0160E3A429C0FEEB009D434E /* Assets.xcassets */ = {isa = PBXFileReference; lastKnownFileType = folder.assetcatalog; path = Assets.xcassets; sourceTree = "<group>"; };
		0160E3A729C0FEEB009D434E /* Base */ = {isa = PBXFileReference; lastKnownFileType = file.storyboard; name = Base; path = Base.lproj/LaunchScreen.storyboard; sourceTree = "<group>"; };
		0160E3A929C0FEEB009D434E /* Info.plist */ = {isa = PBXFileReference; lastKnownFileType = text.plist.xml; path = Info.plist; sourceTree = "<group>"; };
		0160E3AE29C0FEEB009D434E /* Sorting HatTests.xctest */ = {isa = PBXFileReference; explicitFileType = wrapper.cfbundle; includeInIndex = 0; path = "Sorting HatTests.xctest"; sourceTree = BUILT_PRODUCTS_DIR; };
		0160E3B229C0FEEB009D434E /* Sorting_HatTests.swift */ = {isa = PBXFileReference; lastKnownFileType = sourcecode.swift; path = Sorting_HatTests.swift; sourceTree = "<group>"; };
		0160E3B829C0FEEB009D434E /* Sorting HatUITests.xctest */ = {isa = PBXFileReference; explicitFileType = wrapper.cfbundle; includeInIndex = 0; path = "Sorting HatUITests.xctest"; sourceTree = BUILT_PRODUCTS_DIR; };
		0160E3BC29C0FEEB009D434E /* Sorting_HatUITests.swift */ = {isa = PBXFileReference; lastKnownFileType = sourcecode.swift; path = Sorting_HatUITests.swift; sourceTree = "<group>"; };
		0160E3BE29C0FEEB009D434E /* Sorting_HatUITestsLaunchTests.swift */ = {isa = PBXFileReference; lastKnownFileType = sourcecode.swift; path = Sorting_HatUITestsLaunchTests.swift; sourceTree = "<group>"; };
		01BC136C29F1E4E600EF1EC3 /* View.h */ = {isa = PBXFileReference; lastKnownFileType = sourcecode.c.h; path = View.h; sourceTree = "<group>"; };
		01BEC07229C2741A001273FC /* Point Calc.swift */ = {isa = PBXFileReference; lastKnownFileType = sourcecode.swift; path = "Point Calc.swift"; sourceTree = "<group>"; };
/* End PBXFileReference section */

/* Begin PBXFrameworksBuildPhase section */
		0160E39529C0FEE9009D434E /* Frameworks */ = {
			isa = PBXFrameworksBuildPhase;
			buildActionMask = 2147483647;
			files = (
			);
			runOnlyForDeploymentPostprocessing = 0;
		};
		0160E3AB29C0FEEB009D434E /* Frameworks */ = {
			isa = PBXFrameworksBuildPhase;
			buildActionMask = 2147483647;
			files = (
			);
			runOnlyForDeploymentPostprocessing = 0;
		};
		0160E3B529C0FEEB009D434E /* Frameworks */ = {
			isa = PBXFrameworksBuildPhase;
			buildActionMask = 2147483647;
			files = (
			);
			runOnlyForDeploymentPostprocessing = 0;
		};
/* End PBXFrameworksBuildPhase section */

/* Begin PBXGroup section */
		0160E38F29C0FEE9009D434E = {
			isa = PBXGroup;
			children = (
				0160E39A29C0FEE9009D434E /* Sorting Hat */,
				0160E3B129C0FEEB009D434E /* Sorting HatTests */,
				0160E3BB29C0FEEB009D434E /* Sorting HatUITests */,
				0160E39929C0FEE9009D434E /* Products */,
			);
			sourceTree = "<group>";
		};
		0160E39929C0FEE9009D434E /* Products */ = {
			isa = PBXGroup;
			children = (
				0160E39829C0FEE9009D434E /* Sorting Hat.app */,
				0160E3AE29C0FEEB009D434E /* Sorting HatTests.xctest */,
				0160E3B829C0FEEB009D434E /* Sorting HatUITests.xctest */,
			);
			name = Products;
			sourceTree = "<group>";
		};
		0160E39A29C0FEE9009D434E /* Sorting Hat */ = {
			isa = PBXGroup;
			children = (
				0160E39B29C0FEE9009D434E /* AppDelegate.swift */,
				0160E39D29C0FEE9009D434E /* SceneDelegate.swift */,
				0160E39F29C0FEE9009D434E /* ViewController.swift */,
				0160E3A129C0FEE9009D434E /* Main.storyboard */,
				0160E3A429C0FEEB009D434E /* Assets.xcassets */,
				0160E3A629C0FEEB009D434E /* LaunchScreen.storyboard */,
				0160E3A929C0FEEB009D434E /* Info.plist */,
				01505A1229C108D1002B3981 /* Question.swift */,
				01BEC07229C2741A001273FC /* Point Calc.swift */,
				01BC136C29F1E4E600EF1EC3 /* View.h */,
			);
			path = "Sorting Hat";
			sourceTree = "<group>";
		};
		0160E3B129C0FEEB009D434E /* Sorting HatTests */ = {
			isa = PBXGroup;
			children = (
				0160E3B229C0FEEB009D434E /* Sorting_HatTests.swift */,
			);
			path = "Sorting HatTests";
			sourceTree = "<group>";
		};
		0160E3BB29C0FEEB009D434E /* Sorting HatUITests */ = {
			isa = PBXGroup;
			children = (
				0160E3BC29C0FEEB009D434E /* Sorting_HatUITests.swift */,
				0160E3BE29C0FEEB009D434E /* Sorting_HatUITestsLaunchTests.swift */,
			);
			path = "Sorting HatUITests";
			sourceTree = "<group>";
		};
/* End PBXGroup section */

/* Begin PBXNativeTarget section */
		0160E39729C0FEE9009D434E /* Sorting Hat */ = {
			isa = PBXNativeTarget;
			buildConfigurationList = 0160E3C229C0FEEB009D434E /* Build configuration list for PBXNativeTarget "Sorting Hat" */;
			buildPhases = (
				0160E39429C0FEE9009D434E /* Sources */,
				0160E39529C0FEE9009D434E /* Frameworks */,
				0160E39629C0FEE9009D434E /* Resources */,
			);
			buildRules = (
			);
			dependencies = (
			);
			name = "Sorting Hat";
			productName = "Sorting Hat";
			productReference = 0160E39829C0FEE9009D434E /* Sorting Hat.app */;
			productType = "com.apple.product-type.application";
		};
		0160E3AD29C0FEEB009D434E /* Sorting HatTests */ = {
			isa = PBXNativeTarget;
			buildConfigurationList = 0160E3C529C0FEEB009D434E /* Build configuration list for PBXNativeTarget "Sorting HatTests" */;
			buildPhases = (
				0160E3AA29C0FEEB009D434E /* Sources */,
				0160E3AB29C0FEEB009D434E /* Frameworks */,
				0160E3AC29C0FEEB009D434E /* Resources */,
			);
			buildRules = (
			);
			dependencies = (
				0160E3B029C0FEEB009D434E /* PBXTargetDependency */,
			);
			name = "Sorting HatTests";
			productName = "Sorting HatTests";
			productReference = 0160E3AE29C0FEEB009D434E /* Sorting HatTests.xctest */;
			productType = "com.apple.product-type.bundle.unit-test";
		};
		0160E3B729C0FEEB009D434E /* Sorting HatUITests */ = {
			isa = PBXNativeTarget;
			buildConfigurationList = 0160E3C829C0FEEB009D434E /* Build configuration list for PBXNativeTarget "Sorting HatUITests" */;
			buildPhases = (
				0160E3B429C0FEEB009D434E /* Sources */,
				0160E3B529C0FEEB009D434E /* Frameworks */,
				0160E3B629C0FEEB009D434E /* Resources */,
			);
			buildRules = (
			);
			dependencies = (
				0160E3BA29C0FEEB009D434E /* PBXTargetDependency */,
			);
			name = "Sorting HatUITests";
			productName = "Sorting HatUITests";
			productReference = 0160E3B829C0FEEB009D434E /* Sorting HatUITests.xctest */;
			productType = "com.apple.product-type.bundle.ui-testing";
		};
/* End PBXNativeTarget section */

/* Begin PBXProject section */
		0160E39029C0FEE9009D434E /* Project object */ = {
			isa = PBXProject;
			attributes = {
				BuildIndependentTargetsInParallel = 1;
				LastSwiftUpdateCheck = 1420;
				LastUpgradeCheck = 1420;
				TargetAttributes = {
					0160E39729C0FEE9009D434E = {
						CreatedOnToolsVersion = 14.2;
					};
					0160E3AD29C0FEEB009D434E = {
						CreatedOnToolsVersion = 14.2;
						TestTargetID = 0160E39729C0FEE9009D434E;
					};
					0160E3B729C0FEEB009D434E = {
						CreatedOnToolsVersion = 14.2;
						TestTargetID = 0160E39729C0FEE9009D434E;
					};
				};
			};
			buildConfigurationList = 0160E39329C0FEE9009D434E /* Build configuration list for PBXProject "Sorting Hat" */;
			compatibilityVersion = "Xcode 14.0";
			developmentRegion = en;
			hasScannedForEncodings = 0;
			knownRegions = (
				en,
				Base,
			);
			mainGroup = 0160E38F29C0FEE9009D434E;
			productRefGroup = 0160E39929C0FEE9009D434E /* Products */;
			projectDirPath = "";
			projectRoot = "";
			targets = (
				0160E39729C0FEE9009D434E /* Sorting Hat */,
				0160E3AD29C0FEEB009D434E /* Sorting HatTests */,
				0160E3B729C0FEEB009D434E /* Sorting HatUITests */,
			);
		};
/* End PBXProject section */

/* Begin PBXResourcesBuildPhase section */
		0160E39629C0FEE9009D434E /* Resources */ = {
			isa = PBXResourcesBuildPhase;
			buildActionMask = 2147483647;
			files = (
				0160E3A829C0FEEB009D434E /* LaunchScreen.storyboard in Resources */,
				0160E3A529C0FEEB009D434E /* Assets.xcassets in Resources */,
				0160E3A329C0FEE9009D434E /* Main.storyboard in Resources */,
			);
			runOnlyForDeploymentPostprocessing = 0;
		};
		0160E3AC29C0FEEB009D434E /* Resources */ = {
			isa = PBXResourcesBuildPhase;
			buildActionMask = 2147483647;
			files = (
			);
			runOnlyForDeploymentPostprocessing = 0;
		};
		0160E3B629C0FEEB009D434E /* Resources */ = {
			isa = PBXResourcesBuildPhase;
			buildActionMask = 2147483647;
			files = (
			);
			runOnlyForDeploymentPostprocessing = 0;
		};
/* End PBXResourcesBuildPhase section */

/* Begin PBXSourcesBuildPhase section */
		0160E39429C0FEE9009D434E /* Sources */ = {
			isa = PBXSourcesBuildPhase;
			buildActionMask = 2147483647;
			files = (
				0160E3A029C0FEE9009D434E /* ViewController.swift in Sources */,
				01505A1329C108D1002B3981 /* Question.swift in Sources */,
				0160E39C29C0FEE9009D434E /* AppDelegate.swift in Sources */,
				0160E39E29C0FEE9009D434E /* SceneDelegate.swift in Sources */,
				01BEC07329C2741A001273FC /* Point Calc.swift in Sources */,
			);
			runOnlyForDeploymentPostprocessing = 0;
		};
		0160E3AA29C0FEEB009D434E /* Sources */ = {
			isa = PBXSourcesBuildPhase;
			buildActionMask = 2147483647;
			files = (
				0160E3B329C0FEEB009D434E /* Sorting_HatTests.swift in Sources */,
			);
			runOnlyForDeploymentPostprocessing = 0;
		};
		0160E3B429C0FEEB009D434E /* Sources */ = {
			isa = PBXSourcesBuildPhase;
			buildActionMask = 2147483647;
			files = (
				0160E3BD29C0FEEB009D434E /* Sorting_HatUITests.swift in Sources */,
				0160E3BF29C0FEEB009D434E /* Sorting_HatUITestsLaunchTests.swift in Sources */,
			);
			runOnlyForDeploymentPostprocessing = 0;
		};
/* End PBXSourcesBuildPhase section */

/* Begin PBXTargetDependency section */
		0160E3B029C0FEEB009D434E /* PBXTargetDependency */ = {
			isa = PBXTargetDependency;
			target = 0160E39729C0FEE9009D434E /* Sorting Hat */;
			targetProxy = 0160E3AF29C0FEEB009D434E /* PBXContainerItemProxy */;
		};
		0160E3BA29C0FEEB009D434E /* PBXTargetDependency */ = {
			isa = PBXTargetDependency;
			target = 0160E39729C0FEE9009D434E /* Sorting Hat */;
			targetProxy = 0160E3B929C0FEEB009D434E /* PBXContainerItemProxy */;
		};
/* End PBXTargetDependency section */

/* Begin PBXVariantGroup section */
		0160E3A129C0FEE9009D434E /* Main.storyboard */ = {
			isa = PBXVariantGroup;
			children = (
				0160E3A229C0FEE9009D434E /* Base */,
			);
			name = Main.storyboard;
			sourceTree = "<group>";
		};
		0160E3A629C0FEEB009D434E /* LaunchScreen.storyboard */ = {
			isa = PBXVariantGroup;
			children = (
				0160E3A729C0FEEB009D434E /* Base */,
			);
			name = LaunchScreen.storyboard;
			sourceTree = "<group>";
		};
/* End PBXVariantGroup section */

/* Begin XCBuildConfiguration section */
		0160E3C029C0FEEB009D434E /* Debug */ = {
			isa = XCBuildConfiguration;
			buildSettings = {
				ALWAYS_SEARCH_USER_PATHS = NO;
				CLANG_ANALYZER_NONNULL = YES;
				CLANG_ANALYZER_NUMBER_OBJECT_CONVERSION = YES_AGGRESSIVE;
				CLANG_CXX_LANGUAGE_STANDARD = "gnu++20";
				CLANG_ENABLE_MODULES = YES;
				CLANG_ENABLE_OBJC_ARC = YES;
				CLANG_ENABLE_OBJC_WEAK = YES;
				CLANG_WARN_BLOCK_CAPTURE_AUTORELEASING = YES;
				CLANG_WARN_BOOL_CONVERSION = YES;
				CLANG_WARN_COMMA = YES;
				CLANG_WARN_CONSTANT_CONVERSION = YES;
				CLANG_WARN_DEPRECATED_OBJC_IMPLEMENTATIONS = YES;
				CLANG_WARN_DIRECT_OBJC_ISA_USAGE = YES_ERROR;
				CLANG_WARN_DOCUMENTATION_COMMENTS = YES;
				CLANG_WARN_EMPTY_BODY = YES;
				CLANG_WARN_ENUM_CONVERSION = YES;
				CLANG_WARN_INFINITE_RECURSION = YES;
				CLANG_WARN_INT_CONVERSION = YES;
				CLANG_WARN_NON_LITERAL_NULL_CONVERSION = YES;
				CLANG_WARN_OBJC_IMPLICIT_RETAIN_SELF = YES;
				CLANG_WARN_OBJC_LITERAL_CONVERSION = YES;
				CLANG_WARN_OBJC_ROOT_CLASS = YES_ERROR;
				CLANG_WARN_QUOTED_INCLUDE_IN_FRAMEWORK_HEADER = YES;
				CLANG_WARN_RANGE_LOOP_ANALYSIS = YES;
				CLANG_WARN_STRICT_PROTOTYPES = YES;
				CLANG_WARN_SUSPICIOUS_MOVE = YES;
				CLANG_WARN_UNGUARDED_AVAILABILITY = YES_AGGRESSIVE;
				CLANG_WARN_UNREACHABLE_CODE = YES;
				CLANG_WARN__DUPLICATE_METHOD_MATCH = YES;
				COPY_PHASE_STRIP = NO;
				DEBUG_INFORMATION_FORMAT = dwarf;
				ENABLE_STRICT_OBJC_MSGSEND = YES;
				ENABLE_TESTABILITY = YES;
				GCC_C_LANGUAGE_STANDARD = gnu11;
				GCC_DYNAMIC_NO_PIC = NO;
				GCC_NO_COMMON_BLOCKS = YES;
				GCC_OPTIMIZATION_LEVEL = 0;
				GCC_PREPROCESSOR_DEFINITIONS = (
					"DEBUG=1",
					"$(inherited)",
				);
				GCC_WARN_64_TO_32_BIT_CONVERSION = YES;
				GCC_WARN_ABOUT_RETURN_TYPE = YES_ERROR;
				GCC_WARN_UNDECLARED_SELECTOR = YES;
				GCC_WARN_UNINITIALIZED_AUTOS = YES_AGGRESSIVE;
				GCC_WARN_UNUSED_FUNCTION = YES;
				GCC_WARN_UNUSED_VARIABLE = YES;
				IPHONEOS_DEPLOYMENT_TARGET = 16.2;
				MTL_ENABLE_DEBUG_INFO = INCLUDE_SOURCE;
				MTL_FAST_MATH = YES;
				ONLY_ACTIVE_ARCH = YES;
				SDKROOT = iphoneos;
				SWIFT_ACTIVE_COMPILATION_CONDITIONS = DEBUG;
				SWIFT_OPTIMIZATION_LEVEL = "-Onone";
			};
			name = Debug;
		};
		0160E3C129C0FEEB009D434E /* Release */ = {
			isa = XCBuildConfiguration;
			buildSettings = {
				ALWAYS_SEARCH_USER_PATHS = NO;
				CLANG_ANALYZER_NONNULL = YES;
				CLANG_ANALYZER_NUMBER_OBJECT_CONVERSION = YES_AGGRESSIVE;
				CLANG_CXX_LANGUAGE_STANDARD = "gnu++20";
				CLANG_ENABLE_MODULES = YES;
				CLANG_ENABLE_OBJC_ARC = YES;
				CLANG_ENABLE_OBJC_WEAK = YES;
				CLANG_WARN_BLOCK_CAPTURE_AUTORELEASING = YES;
				CLANG_WARN_BOOL_CONVERSION = YES;
				CLANG_WARN_COMMA = YES;
				CLANG_WARN_CONSTANT_CONVERSION = YES;
				CLANG_WARN_DEPRECATED_OBJC_IMPLEMENTATIONS = YES;
				CLANG_WARN_DIRECT_OBJC_ISA_USAGE = YES_ERROR;
				CLANG_WARN_DOCUMENTATION_COMMENTS = YES;
				CLANG_WARN_EMPTY_BODY = YES;
				CLANG_WARN_ENUM_CONVERSION = YES;
				CLANG_WARN_INFINITE_RECURSION = YES;
				CLANG_WARN_INT_CONVERSION = YES;
				CLANG_WARN_NON_LITERAL_NULL_CONVERSION = YES;
				CLANG_WARN_OBJC_IMPLICIT_RETAIN_SELF = YES;
				CLANG_WARN_OBJC_LITERAL_CONVERSION = YES;
				CLANG_WARN_OBJC_ROOT_CLASS = YES_ERROR;
				CLANG_WARN_QUOTED_INCLUDE_IN_FRAMEWORK_HEADER = YES;
				CLANG_WARN_RANGE_LOOP_ANALYSIS = YES;
				CLANG_WARN_STRICT_PROTOTYPES = YES;
				CLANG_WARN_SUSPICIOUS_MOVE = YES;
				CLANG_WARN_UNGUARDED_AVAILABILITY = YES_AGGRESSIVE;
				CLANG_WARN_UNREACHABLE_CODE = YES;
				CLANG_WARN__DUPLICATE_METHOD_MATCH = YES;
				COPY_PHASE_STRIP = NO;
				DEBUG_INFORMATION_FORMAT = "dwarf-with-dsym";
				ENABLE_NS_ASSERTIONS = NO;
				ENABLE_STRICT_OBJC_MSGSEND = YES;
				GCC_C_LANGUAGE_STANDARD = gnu11;
				GCC_NO_COMMON_BLOCKS = YES;
				GCC_WARN_64_TO_32_BIT_CONVERSION = YES;
				GCC_WARN_ABOUT_RETURN_TYPE = YES_ERROR;
				GCC_WARN_UNDECLARED_SELECTOR = YES;
				GCC_WARN_UNINITIALIZED_AUTOS = YES_AGGRESSIVE;
				GCC_WARN_UNUSED_FUNCTION = YES;
				GCC_WARN_UNUSED_VARIABLE = YES;
				IPHONEOS_DEPLOYMENT_TARGET = 16.2;
				MTL_ENABLE_DEBUG_INFO = NO;
				MTL_FAST_MATH = YES;
				SDKROOT = iphoneos;
				SWIFT_COMPILATION_MODE = wholemodule;
				SWIFT_OPTIMIZATION_LEVEL = "-O";
				VALIDATE_PRODUCT = YES;
			};
			name = Release;
		};
		0160E3C329C0FEEB009D434E /* Debug */ = {
			isa = XCBuildConfiguration;
			buildSettings = {
				ASSETCATALOG_COMPILER_APPICON_NAME = AppIcon;
				ASSETCATALOG_COMPILER_GLOBAL_ACCENT_COLOR_NAME = AccentColor;
				CODE_SIGN_IDENTITY = "Apple Development";
				CODE_SIGN_STYLE = Automatic;
				CURRENT_PROJECT_VERSION = 1;
				DEVELOPMENT_TEAM = 4DTKARPH32;
				GENERATE_INFOPLIST_FILE = YES;
				INFOPLIST_FILE = "Sorting Hat/Info.plist";
				INFOPLIST_KEY_UIApplicationSupportsIndirectInputEvents = YES;
				INFOPLIST_KEY_UILaunchStoryboardName = LaunchScreen;
				INFOPLIST_KEY_UIMainStoryboardFile = Main;
				INFOPLIST_KEY_UISupportedInterfaceOrientations_iPad = "UIInterfaceOrientationPortrait UIInterfaceOrientationPortraitUpsideDown UIInterfaceOrientationLandscapeLeft UIInterfaceOrientationLandscapeRight";
				INFOPLIST_KEY_UISupportedInterfaceOrientations_iPhone = "UIInterfaceOrientationPortrait UIInterfaceOrientationLandscapeLeft UIInterfaceOrientationLandscapeRight";
				LD_RUNPATH_SEARCH_PATHS = (
					"$(inherited)",
					"@executable_path/Frameworks",
				);
				MARKETING_VERSION = 1.0;
				PRODUCT_BUNDLE_IDENTIFIER = "ndub.Sorting-Hat";
				PRODUCT_NAME = "$(TARGET_NAME)";
				PROVISIONING_PROFILE_SPECIFIER = "";
				SWIFT_EMIT_LOC_STRINGS = YES;
				SWIFT_VERSION = 5.0;
				TARGETED_DEVICE_FAMILY = "1,2";
			};
			name = Debug;
		};
		0160E3C429C0FEEB009D434E /* Release */ = {
			isa = XCBuildConfiguration;
			buildSettings = {
				ASSETCATALOG_COMPILER_APPICON_NAME = AppIcon;
				ASSETCATALOG_COMPILER_GLOBAL_ACCENT_COLOR_NAME = AccentColor;
				CODE_SIGN_IDENTITY = "Apple Development";
				CODE_SIGN_STYLE = Automatic;
				CURRENT_PROJECT_VERSION = 1;
				DEVELOPMENT_TEAM = 4DTKARPH32;
				GENERATE_INFOPLIST_FILE = YES;
				INFOPLIST_FILE = "Sorting Hat/Info.plist";
				INFOPLIST_KEY_UIApplicationSupportsIndirectInputEvents = YES;
				INFOPLIST_KEY_UILaunchStoryboardName = LaunchScreen;
				INFOPLIST_KEY_UIMainStoryboardFile = Main;
				INFOPLIST_KEY_UISupportedInterfaceOrientations_iPad = "UIInterfaceOrientationPortrait UIInterfaceOrientationPortraitUpsideDown UIInterfaceOrientationLandscapeLeft UIInterfaceOrientationLandscapeRight";
				INFOPLIST_KEY_UISupportedInterfaceOrientations_iPhone = "UIInterfaceOrientationPortrait UIInterfaceOrientationLandscapeLeft UIInterfaceOrientationLandscapeRight";
				LD_RUNPATH_SEARCH_PATHS = (
					"$(inherited)",
					"@executable_path/Frameworks",
				);
				MARKETING_VERSION = 1.0;
				PRODUCT_BUNDLE_IDENTIFIER = "ndub.Sorting-Hat";
				PRODUCT_NAME = "$(TARGET_NAME)";
				PROVISIONING_PROFILE_SPECIFIER = "";
				SWIFT_EMIT_LOC_STRINGS = YES;
				SWIFT_VERSION = 5.0;
				TARGETED_DEVICE_FAMILY = "1,2";
			};
			name = Release;
		};
		0160E3C629C0FEEB009D434E /* Debug */ = {
			isa = XCBuildConfiguration;
			buildSettings = {
				ALWAYS_EMBED_SWIFT_STANDARD_LIBRARIES = YES;
				BUNDLE_LOADER = "$(TEST_HOST)";
				CODE_SIGN_STYLE = Automatic;
				CURRENT_PROJECT_VERSION = 1;
				GENERATE_INFOPLIST_FILE = YES;
				IPHONEOS_DEPLOYMENT_TARGET = 16.2;
				MARKETING_VERSION = 1.0;
				PRODUCT_BUNDLE_IDENTIFIER = "ndub.Sorting-HatTests";
				PRODUCT_NAME = "$(TARGET_NAME)";
				SWIFT_EMIT_LOC_STRINGS = NO;
				SWIFT_VERSION = 5.0;
				TARGETED_DEVICE_FAMILY = "1,2";
				TEST_HOST = "$(BUILT_PRODUCTS_DIR)/Sorting Hat.app/$(BUNDLE_EXECUTABLE_FOLDER_PATH)/Sorting Hat";
			};
			name = Debug;
		};
		0160E3C729C0FEEB009D434E /* Release */ = {
			isa = XCBuildConfiguration;
			buildSettings = {
				ALWAYS_EMBED_SWIFT_STANDARD_LIBRARIES = YES;
				BUNDLE_LOADER = "$(TEST_HOST)";
				CODE_SIGN_STYLE = Automatic;
				CURRENT_PROJECT_VERSION = 1;
				GENERATE_INFOPLIST_FILE = YES;
				IPHONEOS_DEPLOYMENT_TARGET = 16.2;
				MARKETING_VERSION = 1.0;
				PRODUCT_BUNDLE_IDENTIFIER = "ndub.Sorting-HatTests";
				PRODUCT_NAME = "$(TARGET_NAME)";
				SWIFT_EMIT_LOC_STRINGS = NO;
				SWIFT_VERSION = 5.0;
				TARGETED_DEVICE_FAMILY = "1,2";
				TEST_HOST = "$(BUILT_PRODUCTS_DIR)/Sorting Hat.app/$(BUNDLE_EXECUTABLE_FOLDER_PATH)/Sorting Hat";
			};
			name = Release;
		};
		0160E3C929C0FEEB009D434E /* Debug */ = {
			isa = XCBuildConfiguration;
			buildSettings = {
				ALWAYS_EMBED_SWIFT_STANDARD_LIBRARIES = YES;
				CODE_SIGN_STYLE = Automatic;
				CURRENT_PROJECT_VERSION = 1;
				GENERATE_INFOPLIST_FILE = YES;
				MARKETING_VERSION = 1.0;
				PRODUCT_BUNDLE_IDENTIFIER = "ndub.Sorting-HatUITests";
				PRODUCT_NAME = "$(TARGET_NAME)";
				SWIFT_EMIT_LOC_STRINGS = NO;
				SWIFT_VERSION = 5.0;
				TARGETED_DEVICE_FAMILY = "1,2";
				TEST_TARGET_NAME = "Sorting Hat";
			};
			name = Debug;
		};
		0160E3CA29C0FEEB009D434E /* Release */ = {
			isa = XCBuildConfiguration;
			buildSettings = {
				ALWAYS_EMBED_SWIFT_STANDARD_LIBRARIES = YES;
				CODE_SIGN_STYLE = Automatic;
				CURRENT_PROJECT_VERSION = 1;
				GENERATE_INFOPLIST_FILE = YES;
				MARKETING_VERSION = 1.0;
				PRODUCT_BUNDLE_IDENTIFIER = "ndub.Sorting-HatUITests";
				PRODUCT_NAME = "$(TARGET_NAME)";
				SWIFT_EMIT_LOC_STRINGS = NO;
				SWIFT_VERSION = 5.0;
				TARGETED_DEVICE_FAMILY = "1,2";
				TEST_TARGET_NAME = "Sorting Hat";
			};
			name = Release;
		};
/* End XCBuildConfiguration section */

/* Begin XCConfigurationList section */
		0160E39329C0FEE9009D434E /* Build configuration list for PBXProject "Sorting Hat" */ = {
			isa = XCConfigurationList;
			buildConfigurations = (
				0160E3C029C0FEEB009D434E /* Debug */,
				0160E3C129C0FEEB009D434E /* Release */,
			);
			defaultConfigurationIsVisible = 0;
			defaultConfigurationName = Release;
		};
		0160E3C229C0FEEB009D434E /* Build configuration list for PBXNativeTarget "Sorting Hat" */ = {
			isa = XCConfigurationList;
			buildConfigurations = (
				0160E3C329C0FEEB009D434E /* Debug */,
				0160E3C429C0FEEB009D434E /* Release */,
			);
			defaultConfigurationIsVisible = 0;
			defaultConfigurationName = Release;
		};
		0160E3C529C0FEEB009D434E /* Build configuration list for PBXNativeTarget "Sorting HatTests" */ = {
			isa = XCConfigurationList;
			buildConfigurations = (
				0160E3C629C0FEEB009D434E /* Debug */,
				0160E3C729C0FEEB009D434E /* Release */,
			);
			defaultConfigurationIsVisible = 0;
			defaultConfigurationName = Release;
		};
		0160E3C829C0FEEB009D434E /* Build configuration list for PBXNativeTarget "Sorting HatUITests" */ = {
			isa = XCConfigurationList;
			buildConfigurations = (
				0160E3C929C0FEEB009D434E /* Debug */,
				0160E3CA29C0FEEB009D434E /* Release */,
			);
			defaultConfigurationIsVisible = 0;
			defaultConfigurationName = Release;
		};
/* End XCConfigurationList section */
	};
	rootObject = 0160E39029C0FEE9009D434E /* Project object */;
}
